{
  "nodes": {
    "nixpkgs": {
      "locked": {
        "lastModified": 1618257402,
        "narHash": "sha256-O+pa8yg553y17SiO/IdhGAFv5lzugA1t+q0OKu/zygI=",
        "owner": "NixOS",
        "repo": "nixpkgs",
        "rev": "0c896e754d968655826d4eeb319dde68cfb33b39",
        "type": "github"
      },
      "original": {
        "id": "nixpkgs",
        "type": "indirect"
      }
    },
    "root": {
      "inputs": {
        "nixpkgs": "nixpkgs"
      }
    }
  },
  "root": "root",
  "version": 7
}
